github.com/bugoio/bugo-font-awesome v0.0.0-20191009055643-7517661acd7b h1:ErHRBxvIFpOzCnlmX868IgxaG/fqBiYxCaPoxJufRo4=
github.com/bugoio/bugo-font-awesome v0.0.0-20191009055643-7517661acd7b/go.mod h1:mmH3EtFQ7ndju4/iV6+ABSfN8efgXqUpU3P3cb11ijQ=
github.com/bugoio/bugo-sass-utilities v0.0.0-20191007162338-a4cfcf43d92f h1:5rMwOLLTJhsdzIpf3oRkgbG1+TosLNGzIXgeT3Pa7X8=
github.com/bugoio/bugo-sass-utilities v0.0.0-20191007162338-a4cfcf43d92f/go.mod h1:0tVnrsnCG61j64fUv88di5gpYw5/3fgqdQB4iUOjook=
